{
  "lockfileVersion": 1,
  "configVersion": 1,
  "workspaces": {
    "": {
      "name": "docs-to-cli",
      "dependencies": {
        "@apidevtools/swagger-parser": "^10.1.0",
        "turndown": "^7.1.3",
      },
      "devDependencies": {
        "@types/node": "^20.0.0",
        "@types/turndown": "^5.0.5",
      },
    },
  },
  "packages": {
    "@apidevtools/json-schema-ref-parser": ["@apidevtools/json-schema-ref-parser@11.7.2", "", { "dependencies": { "@jsdevtools/ono": "^7.1.3", "@types/json-schema": "^7.0.15", "js-yaml": "^4.1.0" } }, "sha512-4gY54eEGEstClvEkGnwVkTkrx0sqwemEFG5OSRRn3tD91XH0+Q8XIkYIfo7IwEWPpJZwILb9GUXeShtplRc/eA=="],

    "@apidevtools/openapi-schemas": ["@apidevtools/openapi-schemas@2.1.0", "", {}, "sha512-Zc1AlqrJlX3SlpupFGpiLi2EbteyP7fXmUOGup6/DnkRgjP9bgMM/ag+n91rsv0U1Gpz0H3VILA/o3bW7Ua6BQ=="],

    "@apidevtools/swagger-methods": ["@apidevtools/swagger-methods@3.0.2", "", {}, "sha512-QAkD5kK2b1WfjDS/UQn/qQkbwF31uqRjPTrsCs5ZG9BQGAkjwvqGFjjPqAuzac/IYzpPtRzjCP1WrTuAIjMrXg=="],

    "@apidevtools/swagger-parser": ["@apidevtools/swagger-parser@10.1.1", "", { "dependencies": { "@apidevtools/json-schema-ref-parser": "11.7.2", "@apidevtools/openapi-schemas": "^2.1.0", "@apidevtools/swagger-methods": "^3.0.2", "@jsdevtools/ono": "^7.1.3", "ajv": "^8.17.1", "ajv-draft-04": "^1.0.0", "call-me-maybe": "^1.0.2" }, "peerDependencies": { "openapi-types": ">=7" } }, "sha512-u/kozRnsPO/x8QtKYJOqoGtC4kH6yg1lfYkB9Au0WhYB0FNLpyFusttQtvhlwjtG3rOwiRz4D8DnnXa8iEpIKA=="],

    "@jsdevtools/ono": ["@jsdevtools/ono@7.1.3", "", {}, "sha512-4JQNk+3mVzK3xh2rqd6RB4J46qUR19azEHBneZyTZM+c456qOrbbM/5xcR8huNCCcbVt7+UmizG6GuUvPvKUYg=="],

    "@mixmark-io/domino": ["@mixmark-io/domino@2.2.0", "", {}, "sha512-Y28PR25bHXUg88kCV7nivXrP2Nj2RueZ3/l/jdx6J9f8J4nsEGcgX0Qe6lt7Pa+J79+kPiJU3LguR6O/6zrLOw=="],

    "@types/json-schema": ["@types/json-schema@7.0.15", "", {}, "sha512-5+fP8P8MFNC+AyZCDxrB2pkZFPGzqQWUzpSeuuVLvm8VMcorNYavBqoFcxK8bQz4Qsbn4oUEEem4wDLfcysGHA=="],

    "@types/node": ["@types/node@20.19.33", "", { "dependencies": { "undici-types": "~6.21.0" } }, "sha512-Rs1bVAIdBs5gbTIKza/tgpMuG1k3U/UMJLWecIMxNdJFDMzcM5LOiLVRYh3PilWEYDIeUDv7bpiHPLPsbydGcw=="],

    "@types/turndown": ["@types/turndown@5.0.6", "", {}, "sha512-ru00MoyeeouE5BX4gRL+6m/BsDfbRayOskWqUvh7CLGW+UXxHQItqALa38kKnOiZPqJrtzJUgAC2+F0rL1S4Pg=="],

    "ajv": ["ajv@8.18.0", "", { "dependencies": { "fast-deep-equal": "^3.1.3", "fast-uri": "^3.0.1", "json-schema-traverse": "^1.0.0", "require-from-string": "^2.0.2" } }, "sha512-PlXPeEWMXMZ7sPYOHqmDyCJzcfNrUr3fGNKtezX14ykXOEIvyK81d+qydx89KY5O71FKMPaQ2vBfBFI5NHR63A=="],

    "ajv-draft-04": ["ajv-draft-04@1.0.0", "", { "peerDependencies": { "ajv": "^8.5.0" }, "optionalPeers": ["ajv"] }, "sha512-mv00Te6nmYbRp5DCwclxtt7yV/joXJPGS7nM+97GdxvuttCOfgI3K4U25zboyeX0O+myI8ERluxQe5wljMmVIw=="],

    "argparse": ["argparse@2.0.1", "", {}, "sha512-8+9WqebbFzpX9OR+Wa6O29asIogeRMzcGtAINdpMHHyAg10f05aSFVBbcEqGf/PXw1EjAZ+q2/bEBg3DvurK3Q=="],

    "call-me-maybe": ["call-me-maybe@1.0.2", "", {}, "sha512-HpX65o1Hnr9HH25ojC1YGs7HCQLq0GCOibSaWER0eNpgJ/Z1MZv2mTc7+xh6WOPxbRVcmgbv4hGU+uSQ/2xFZQ=="],

    "fast-deep-equal": ["fast-deep-equal@3.1.3", "", {}, "sha512-f3qQ9oQy9j2AhBe/H9VC91wLmKBCCU/gDOnKNAYG5hswO7BLKj09Hc5HYNz9cGI++xlpDCIgDaitVs03ATR84Q=="],

    "fast-uri": ["fast-uri@3.1.0", "", {}, "sha512-iPeeDKJSWf4IEOasVVrknXpaBV0IApz/gp7S2bb7Z4Lljbl2MGJRqInZiUrQwV16cpzw/D3S5j5Julj/gT52AA=="],

    "js-yaml": ["js-yaml@4.1.1", "", { "dependencies": { "argparse": "^2.0.1" }, "bin": { "js-yaml": "bin/js-yaml.js" } }, "sha512-qQKT4zQxXl8lLwBtHMWwaTcGfFOZviOJet3Oy/xmGk2gZH677CJM9EvtfdSkgWcATZhj/55JZ0rmy3myCT5lsA=="],

    "json-schema-traverse": ["json-schema-traverse@1.0.0", "", {}, "sha512-NM8/P9n3XjXhIZn1lLhkFaACTOURQXjWhV4BA/RnOv8xvgqtqpAX9IO4mRQxSx1Rlo4tqzeqb0sOlruaOy3dug=="],

    "openapi-types": ["openapi-types@12.1.3", "", {}, "sha512-N4YtSYJqghVu4iek2ZUvcN/0aqH1kRDuNqzcycDxhOUpg7GdvLa2F3DgS6yBNhInhv2r/6I0Flkn7CqL8+nIcw=="],

    "require-from-string": ["require-from-string@2.0.2", "", {}, "sha512-Xf0nWe6RseziFMu+Ap9biiUbmplq6S9/p+7w7YXP/JBHhrUDDUhwa+vANyubuqfZWTveU//DYVGsDG7RKL/vEw=="],

    "turndown": ["turndown@7.2.2", "", { "dependencies": { "@mixmark-io/domino": "^2.2.0" } }, "sha512-1F7db8BiExOKxjSMU2b7if62D/XOyQyZbPKq/nUwopfgnHlqXHqQ0lvfUTeUIr1lZJzOPFn43dODyMSIfvWRKQ=="],

    "undici-types": ["undici-types@6.21.0", "", {}, "sha512-iwDZqg0QAGrg9Rav5H4n0M64c3mkR59cJ6wQp+7C4nI0gsmExaedaYLNO44eT4AtBBwjbTiGPMlt2Md0T9H9JQ=="],
  }
}
